
Microsoft Visual Studio Solution File, Format Version 12.00
# Visual Studio Version 17
VisualStudioVersion = 17.4.33205.214
MinimumVisualStudioVersion = 10.0.40219.1
Project("{FAE04EC0-301F-11D3-BF4B-00C04F79EFBC}") = "MyFirstWebApplication", "MyFirstWebApplication\MyFirstWebApplication.csproj", "{FA1AD8C9-218A-44B6-84F7-72BD605F1ABC}"
EndProject
Global
	GlobalSection(SolutionConfigurationPlatforms) = preSolution
		Debug|Any CPU = Debug|Any CPU
		Release|Any CPU = Release|Any CPU
	EndGlobalSection
	GlobalSection(ProjectConfigurationPlatforms) = postSolution
		{FA1AD8C9-218A-44B6-84F7-72BD605F1ABC}.Debug|Any CPU.ActiveCfg = Debug|Any CPU
		{FA1AD8C9-218A-44B6-84F7-72BD605F1ABC}.Debug|Any CPU.Build.0 = Debug|Any CPU
		{FA1AD8C9-218A-44B6-84F7-72BD605F1ABC}.Release|Any CPU.ActiveCfg = Release|Any CPU
		{FA1AD8C9-218A-44B6-84F7-72BD605F1ABC}.Release|Any CPU.Build.0 = Release|Any CPU
	EndGlobalSection
	GlobalSection(SolutionProperties) = preSolution
		HideSolutionNode = FALSE
	EndGlobalSection
	GlobalSection(ExtensibilityGlobals) = postSolution
		SolutionGuid = {E2186901-8827-48C2-BF67-FD8192B2545C}
	EndGlobalSection
EndGlobal
